{
  "nodes": {
    "flake-compat": {
      "flake": false,
      "locked": {
        "lastModified": 1673956053,
        "narHash": "sha256-4gtG9iQuiKITOjNQQeQIpoIB6b16fm+504Ch3sNKLd8=",
        "owner": "edolstra",
        "repo": "flake-compat",
        "rev": "35bb57c0c8d8b62bbfd284272c928ceb64ddbde9",
        "type": "github"
      },
      "original": {
        "owner": "edolstra",
        "repo": "flake-compat",
        "type": "github"
      }
    },
    "flake-compat_2": {
      "flake": false,
      "locked": {
        "lastModified": 1673956053,
        "narHash": "sha256-4gtG9iQuiKITOjNQQeQIpoIB6b16fm+504Ch3sNKLd8=",
        "owner": "edolstra",
        "repo": "flake-compat",
        "rev": "35bb57c0c8d8b62bbfd284272c928ceb64ddbde9",
        "type": "github"
      },
      "original": {
        "owner": "edolstra",
        "repo": "flake-compat",
        "type": "github"
      }
    },
    "flake-parts": {
      "inputs": {
        "nixpkgs-lib": [
          "nixpkgs-wayland",
          "nix-eval-jobs",
          "nixpkgs"
        ]
      },
      "locked": {
        "lastModified": 1678379998,
        "narHash": "sha256-TZdfNqftHhDuIFwBcN9MUThx5sQXCTeZk9je5byPKRw=",
        "owner": "hercules-ci",
        "repo": "flake-parts",
        "rev": "c13d60b89adea3dc20704c045ec4d50dd964d447",
        "type": "github"
      },
      "original": {
        "owner": "hercules-ci",
        "repo": "flake-parts",
        "type": "github"
      }
    },
    "flake-utils": {
      "locked": {
        "lastModified": 1667395993,
        "narHash": "sha256-nuEHfE/LcWyuSWnS8t12N1wc105Qtau+/OdUAjtQ0rA=",
        "owner": "numtide",
        "repo": "flake-utils",
        "rev": "5aed5285a952e0b949eb3ba02c12fa4fcfef535f",
        "type": "github"
      },
      "original": {
        "owner": "numtide",
        "repo": "flake-utils",
        "type": "github"
      }
    },
    "flake-utils_2": {
      "locked": {
        "lastModified": 1678901627,
        "narHash": "sha256-U02riOqrKKzwjsxc/400XnElV+UtPUQWpANPlyazjH0=",
        "owner": "numtide",
        "repo": "flake-utils",
        "rev": "93a2b84fc4b70d9e089d029deacc3583435c2ed6",
        "type": "github"
      },
      "original": {
        "owner": "numtide",
        "repo": "flake-utils",
        "type": "github"
      }
    },
    "grub2-themes": {
      "inputs": {
        "nixpkgs": [
          "nixpkgs"
        ]
      },
      "locked": {
        "lastModified": 1674015718,
        "narHash": "sha256-cBgjWD/mR1tiPyVky9Bl5kUrDX6RnARJ+0cEJ4VhbRg=",
        "owner": "vinceliuice",
        "repo": "grub2-themes",
        "rev": "7c0d8eb7849cd5a4cf6a26c8750dcf71c26f2b0f",
        "type": "github"
      },
      "original": {
        "owner": "vinceliuice",
        "repo": "grub2-themes",
        "type": "github"
      }
    },
    "home-manager": {
      "inputs": {
        "nixpkgs": [
          "nixpkgs"
        ],
        "utils": "utils"
      },
      "locked": {
        "lastModified": 1679786039,
        "narHash": "sha256-VNjswu0Q4bZOkWNuc0+dHvRdjUCj+MnDlRfw/Q0R3vI=",
        "owner": "nix-community",
        "repo": "home-manager",
        "rev": "cf662b6c98a0da81e06066fff0ecf9cbd4627727",
        "type": "github"
      },
      "original": {
        "owner": "nix-community",
        "repo": "home-manager",
        "type": "github"
      }
    },
    "lib-aggregate": {
      "inputs": {
        "flake-utils": "flake-utils_2",
        "nixpkgs-lib": "nixpkgs-lib"
      },
      "locked": {
        "lastModified": 1679832509,
        "narHash": "sha256-LZecjt8KSlAEVJgaVPcXX6XBTsf/hyYB4AWThsA6f2M=",
        "owner": "nix-community",
        "repo": "lib-aggregate",
        "rev": "7068824f9ec4364c9375605f5af43793dd2eebee",
        "type": "github"
      },
      "original": {
        "owner": "nix-community",
        "repo": "lib-aggregate",
        "type": "github"
      }
    },
    "neovim-flake": {
      "inputs": {
        "flake-utils": "flake-utils",
        "nixpkgs": [
          "neovim-nightly-overlay",
          "nixpkgs"
        ]
      },
      "locked": {
        "dir": "contrib",
        "lastModified": 1679798972,
        "narHash": "sha256-Dh1OlHmmCy3jU+RcSyR9c4dzqlG37CtGdffJBW9uJNo=",
        "owner": "neovim",
        "repo": "neovim",
        "rev": "4863ca6b8902c5b0aab95f2af640118cd417d379",
        "type": "github"
      },
      "original": {
        "dir": "contrib",
        "owner": "neovim",
        "repo": "neovim",
        "type": "github"
      }
    },
    "neovim-nightly-overlay": {
      "inputs": {
        "flake-compat": "flake-compat",
        "neovim-flake": "neovim-flake",
        "nixpkgs": "nixpkgs"
      },
      "locked": {
        "lastModified": 1679818366,
        "narHash": "sha256-gC7brlVIj4s/D0tcSRQewotMiUVdLNljnbX0joHkeGg=",
        "owner": "nix-community",
        "repo": "neovim-nightly-overlay",
        "rev": "87e3bc8de8922f5aa32ab6480bd8b1ab09a50625",
        "type": "github"
      },
      "original": {
        "owner": "nix-community",
        "repo": "neovim-nightly-overlay",
        "type": "github"
      }
    },
    "nix-eval-jobs": {
      "inputs": {
        "flake-parts": "flake-parts",
        "nixpkgs": "nixpkgs_3"
      },
      "locked": {
        "lastModified": 1679275630,
        "narHash": "sha256-2KyRlBpeUpQzgC+2K73NWriiS9rUsdF8bo9uf5qwWco=",
        "owner": "nix-community",
        "repo": "nix-eval-jobs",
        "rev": "5286437bac7f1cb6d96c05879215ed8cb51e9873",
        "type": "github"
      },
      "original": {
        "owner": "nix-community",
        "repo": "nix-eval-jobs",
        "type": "github"
      }
    },
    "nixos-hardware": {
      "locked": {
        "lastModified": 1679765008,
        "narHash": "sha256-VCkg/wC2e882suYDS5PDAemaMLYSOdFm4fsx2gowMR0=",
        "owner": "NixOS",
        "repo": "nixos-hardware",
        "rev": "f38f9a4c9b2b6f89a5778465e0afd166a8300680",
        "type": "github"
      },
      "original": {
        "owner": "NixOS",
        "ref": "master",
        "repo": "nixos-hardware",
        "type": "github"
      }
    },
    "nixpkgs": {
      "locked": {
        "lastModified": 1679793451,
        "narHash": "sha256-JafTtgMDATE8dZOImBhWMA9RCn9AP8FVOpN+9K/tTlg=",
        "owner": "nixos",
        "repo": "nixpkgs",
        "rev": "0cd51a933d91078775b300cf0f29aa3495231aa2",
        "type": "github"
      },
      "original": {
        "owner": "nixos",
        "ref": "nixpkgs-unstable",
        "repo": "nixpkgs",
        "type": "github"
      }
    },
    "nixpkgs-lib": {
      "locked": {
        "lastModified": 1679791877,
        "narHash": "sha256-tTV1Mf0hPWIMtqyU16Kd2JUBDWvfHlDC9pF57vcbgpQ=",
        "owner": "nix-community",
        "repo": "nixpkgs.lib",
        "rev": "cc060ddbf652a532b54057081d5abd6144d01971",
        "type": "github"
      },
      "original": {
        "owner": "nix-community",
        "repo": "nixpkgs.lib",
        "type": "github"
      }
    },
    "nixpkgs-wayland": {
      "inputs": {
        "flake-compat": "flake-compat_2",
        "lib-aggregate": "lib-aggregate",
        "nix-eval-jobs": "nix-eval-jobs",
        "nixpkgs": [
          "nixpkgs"
        ]
      },
      "locked": {
        "lastModified": 1679868117,
        "narHash": "sha256-yioalmOq2e1BBg5zv+VXBYV8KKSZ+LQBnWGN2ERGaN4=",
        "owner": "nix-community",
        "repo": "nixpkgs-wayland",
        "rev": "1dc94b5094dca2eea6fcf3d8b8b748f953b4737c",
        "type": "github"
      },
      "original": {
        "owner": "nix-community",
        "repo": "nixpkgs-wayland",
        "type": "github"
      }
    },
    "nixpkgs_2": {
      "locked": {
        "lastModified": 1679797994,
        "narHash": "sha256-Kr/O/UlfqAtoFmkZeAaphsxogeaN8a/IugBApFzPfpk=",
        "owner": "NixOS",
        "repo": "nixpkgs",
        "rev": "5f9d1bb572e08ec432ae46c78581919d837a90f6",
        "type": "github"
      },
      "original": {
        "id": "nixpkgs",
        "ref": "nixos-unstable",
        "type": "indirect"
      }
    },
    "nixpkgs_3": {
      "locked": {
        "lastModified": 1679271670,
        "narHash": "sha256-QKC6m81hD6JcBzGhRvI+HDEktEzf78vr5bhM3WCIeQU=",
        "owner": "NixOS",
        "repo": "nixpkgs",
        "rev": "18b17c58dc248a66469df89e3d334b305d8235ec",
        "type": "github"
      },
      "original": {
        "owner": "NixOS",
        "ref": "master",
        "repo": "nixpkgs",
        "type": "github"
      }
    },
    "root": {
      "inputs": {
        "grub2-themes": "grub2-themes",
        "home-manager": "home-manager",
        "neovim-nightly-overlay": "neovim-nightly-overlay",
        "nixos-hardware": "nixos-hardware",
        "nixpkgs": "nixpkgs_2",
        "nixpkgs-wayland": "nixpkgs-wayland"
      }
    },
    "utils": {
      "locked": {
        "lastModified": 1676283394,
        "narHash": "sha256-XX2f9c3iySLCw54rJ/CZs+ZK6IQy7GXNY4nSOyu2QG4=",
        "owner": "numtide",
        "repo": "flake-utils",
        "rev": "3db36a8b464d0c4532ba1c7dda728f4576d6d073",
        "type": "github"
      },
      "original": {
        "owner": "numtide",
        "repo": "flake-utils",
        "type": "github"
      }
    }
  },
  "root": "root",
  "version": 7
}
